
Microsoft Visual Studio Solution File, Format Version 12.00
# Visual Studio Version 16
VisualStudioVersion = 16.0.29806.167
MinimumVisualStudioVersion = 10.0.40219.1
Project("{FAE04EC0-301F-11D3-BF4B-00C04F79EFBC}") = "ConsoleApp2", "ConsoleApp2\ConsoleApp2.csproj", "{1B7CAE89-087D-48C7-A521-AA88116BB9DA}"
EndProject
Project("{FAE04EC0-301F-11D3-BF4B-00C04F79EFBC}") = "UnitTestProject1", "UnitTestProject1\UnitTestProject1.csproj", "{590544B7-5FCA-44B1-A689-6E669CBC9536}"
EndProject
Global
	GlobalSection(SolutionConfigurationPlatforms) = preSolution
		Debug|Any CPU = Debug|Any CPU
		Release|Any CPU = Release|Any CPU
	EndGlobalSection
	GlobalSection(ProjectConfigurationPlatforms) = postSolution
		{1B7CAE89-087D-48C7-A521-AA88116BB9DA}.Debug|Any CPU.ActiveCfg = Debug|Any CPU
		{1B7CAE89-087D-48C7-A521-AA88116BB9DA}.Debug|Any CPU.Build.0 = Debug|Any CPU
		{1B7CAE89-087D-48C7-A521-AA88116BB9DA}.Release|Any CPU.ActiveCfg = Release|Any CPU
		{1B7CAE89-087D-48C7-A521-AA88116BB9DA}.Release|Any CPU.Build.0 = Release|Any CPU
		{590544B7-5FCA-44B1-A689-6E669CBC9536}.Debug|Any CPU.ActiveCfg = Debug|Any CPU
		{590544B7-5FCA-44B1-A689-6E669CBC9536}.Debug|Any CPU.Build.0 = Debug|Any CPU
		{590544B7-5FCA-44B1-A689-6E669CBC9536}.Release|Any CPU.ActiveCfg = Release|Any CPU
		{590544B7-5FCA-44B1-A689-6E669CBC9536}.Release|Any CPU.Build.0 = Release|Any CPU
	EndGlobalSection
	GlobalSection(SolutionProperties) = preSolution
		HideSolutionNode = FALSE
	EndGlobalSection
	GlobalSection(ExtensibilityGlobals) = postSolution
		SolutionGuid = {F27ECFEC-270D-40C6-B94B-33FA8FF2835B}
	EndGlobalSection
EndGlobal
